// !$*UTF8*$!
{
	archiveVersion = 1;
	classes = {
	};
	objectVersion = 56;
	objects = {

/* Begin PBXBuildFile section */
		E26524C929C1A48E004202D2 /* Mobile_AppApp.swift in Sources */ = {isa = PBXBuildFile; fileRef = E26524C829C1A48E004202D2 /* Mobile_AppApp.swift */; };
		E26524CB29C1A48E004202D2 /* ContentView.swift in Sources */ = {isa = PBXBuildFile; fileRef = E26524CA29C1A48E004202D2 /* ContentView.swift */; };
		E26524CD29C1A493004202D2 /* Assets.xcassets in Resources */ = {isa = PBXBuildFile; fileRef = E26524CC29C1A493004202D2 /* Assets.xcassets */; };
		E26524D129C1A493004202D2 /* Preview Assets.xcassets in Resources */ = {isa = PBXBuildFile; fileRef = E26524D029C1A493004202D2 /* Preview Assets.xcassets */; };
		E26524DB29C1A494004202D2 /* Mobile_AppTests.swift in Sources */ = {isa = PBXBuildFile; fileRef = E26524DA29C1A494004202D2 /* Mobile_AppTests.swift */; };
		E26524E529C1A494004202D2 /* Mobile_AppUITests.swift in Sources */ = {isa = PBXBuildFile; fileRef = E26524E429C1A494004202D2 /* Mobile_AppUITests.swift */; };
		E26524E729C1A494004202D2 /* Mobile_AppUITestsLaunchTests.swift in Sources */ = {isa = PBXBuildFile; fileRef = E26524E629C1A494004202D2 /* Mobile_AppUITestsLaunchTests.swift */; };
		E26524F829C1A52F004202D2 /* NetworkClient.swift in Sources */ = {isa = PBXBuildFile; fileRef = E26524F729C1A52F004202D2 /* NetworkClient.swift */; };
		E26524FA29C1B18B004202D2 /* OmdbapiClient.swift in Sources */ = {isa = PBXBuildFile; fileRef = E26524F929C1B18B004202D2 /* OmdbapiClient.swift */; };
		E26524FC29C1B914004202D2 /* Movie.swift in Sources */ = {isa = PBXBuildFile; fileRef = E26524FB29C1B914004202D2 /* Movie.swift */; };
		E26524FE29C1C74D004202D2 /* ViewModel.swift in Sources */ = {isa = PBXBuildFile; fileRef = E26524FD29C1C74D004202D2 /* ViewModel.swift */; };
		E2EC339429C2D51B00CAA3A3 /* MovieItem.swift in Sources */ = {isa = PBXBuildFile; fileRef = E2EC339329C2D51B00CAA3A3 /* MovieItem.swift */; };
		E2EC339629C2F0C700CAA3A3 /* SearchBar.swift in Sources */ = {isa = PBXBuildFile; fileRef = E2EC339529C2F0C700CAA3A3 /* SearchBar.swift */; };
		E2EC339829C2F41E00CAA3A3 /* ChildSizeReader.swift in Sources */ = {isa = PBXBuildFile; fileRef = E2EC339729C2F41E00CAA3A3 /* ChildSizeReader.swift */; };
/* End PBXBuildFile section */

/* Begin PBXContainerItemProxy section */
		E26524D729C1A494004202D2 /* PBXContainerItemProxy */ = {
			isa = PBXContainerItemProxy;
			containerPortal = E26524BD29C1A48E004202D2 /* Project object */;
			proxyType = 1;
			remoteGlobalIDString = E26524C429C1A48E004202D2;
			remoteInfo = "Mobile App";
		};
		E26524E129C1A494004202D2 /* PBXContainerItemProxy */ = {
			isa = PBXContainerItemProxy;
			containerPortal = E26524BD29C1A48E004202D2 /* Project object */;
			proxyType = 1;
			remoteGlobalIDString = E26524C429C1A48E004202D2;
			remoteInfo = "Mobile App";
		};
/* End PBXContainerItemProxy section */

/* Begin PBXFileReference section */
		E26524C529C1A48E004202D2 /* Mobile App.app */ = {isa = PBXFileReference; explicitFileType = wrapper.application; includeInIndex = 0; path = "Mobile App.app"; sourceTree = BUILT_PRODUCTS_DIR; };
		E26524C829C1A48E004202D2 /* Mobile_AppApp.swift */ = {isa = PBXFileReference; lastKnownFileType = sourcecode.swift; path = Mobile_AppApp.swift; sourceTree = "<group>"; };
		E26524CA29C1A48E004202D2 /* ContentView.swift */ = {isa = PBXFileReference; lastKnownFileType = sourcecode.swift; path = ContentView.swift; sourceTree = "<group>"; };
		E26524CC29C1A493004202D2 /* Assets.xcassets */ = {isa = PBXFileReference; lastKnownFileType = folder.assetcatalog; path = Assets.xcassets; sourceTree = "<group>"; };
		E26524CE29C1A493004202D2 /* Mobile_App.entitlements */ = {isa = PBXFileReference; lastKnownFileType = text.plist.entitlements; path = Mobile_App.entitlements; sourceTree = "<group>"; };
		E26524D029C1A493004202D2 /* Preview Assets.xcassets */ = {isa = PBXFileReference; lastKnownFileType = folder.assetcatalog; path = "Preview Assets.xcassets"; sourceTree = "<group>"; };
		E26524D629C1A494004202D2 /* Mobile AppTests.xctest */ = {isa = PBXFileReference; explicitFileType = wrapper.cfbundle; includeInIndex = 0; path = "Mobile AppTests.xctest"; sourceTree = BUILT_PRODUCTS_DIR; };
		E26524DA29C1A494004202D2 /* Mobile_AppTests.swift */ = {isa = PBXFileReference; lastKnownFileType = sourcecode.swift; path = Mobile_AppTests.swift; sourceTree = "<group>"; };
		E26524E029C1A494004202D2 /* Mobile AppUITests.xctest */ = {isa = PBXFileReference; explicitFileType = wrapper.cfbundle; includeInIndex = 0; path = "Mobile AppUITests.xctest"; sourceTree = BUILT_PRODUCTS_DIR; };
		E26524E429C1A494004202D2 /* Mobile_AppUITests.swift */ = {isa = PBXFileReference; lastKnownFileType = sourcecode.swift; path = Mobile_AppUITests.swift; sourceTree = "<group>"; };
		E26524E629C1A494004202D2 /* Mobile_AppUITestsLaunchTests.swift */ = {isa = PBXFileReference; lastKnownFileType = sourcecode.swift; path = Mobile_AppUITestsLaunchTests.swift; sourceTree = "<group>"; };
		E26524F729C1A52F004202D2 /* NetworkClient.swift */ = {isa = PBXFileReference; lastKnownFileType = sourcecode.swift; path = NetworkClient.swift; sourceTree = "<group>"; };
		E26524F929C1B18B004202D2 /* OmdbapiClient.swift */ = {isa = PBXFileReference; lastKnownFileType = sourcecode.swift; path = OmdbapiClient.swift; sourceTree = "<group>"; };
		E26524FB29C1B914004202D2 /* Movie.swift */ = {isa = PBXFileReference; lastKnownFileType = sourcecode.swift; path = Movie.swift; sourceTree = "<group>"; };
		E26524FD29C1C74D004202D2 /* ViewModel.swift */ = {isa = PBXFileReference; lastKnownFileType = sourcecode.swift; path = ViewModel.swift; sourceTree = "<group>"; };
		E2EC339329C2D51B00CAA3A3 /* MovieItem.swift */ = {isa = PBXFileReference; lastKnownFileType = sourcecode.swift; path = MovieItem.swift; sourceTree = "<group>"; };
		E2EC339529C2F0C700CAA3A3 /* SearchBar.swift */ = {isa = PBXFileReference; lastKnownFileType = sourcecode.swift; path = SearchBar.swift; sourceTree = "<group>"; };
		E2EC339729C2F41E00CAA3A3 /* ChildSizeReader.swift */ = {isa = PBXFileReference; lastKnownFileType = sourcecode.swift; path = ChildSizeReader.swift; sourceTree = "<group>"; };
/* End PBXFileReference section */

/* Begin PBXFrameworksBuildPhase section */
		E26524C229C1A48E004202D2 /* Frameworks */ = {
			isa = PBXFrameworksBuildPhase;
			buildActionMask = 2147483647;
			files = (
			);
			runOnlyForDeploymentPostprocessing = 0;
		};
		E26524D329C1A494004202D2 /* Frameworks */ = {
			isa = PBXFrameworksBuildPhase;
			buildActionMask = 2147483647;
			files = (
			);
			runOnlyForDeploymentPostprocessing = 0;
		};
		E26524DD29C1A494004202D2 /* Frameworks */ = {
			isa = PBXFrameworksBuildPhase;
			buildActionMask = 2147483647;
			files = (
			);
			runOnlyForDeploymentPostprocessing = 0;
		};
/* End PBXFrameworksBuildPhase section */

/* Begin PBXGroup section */
		E26524BC29C1A48E004202D2 = {
			isa = PBXGroup;
			children = (
				E26524C729C1A48E004202D2 /* Mobile App */,
				E26524D929C1A494004202D2 /* Mobile AppTests */,
				E26524E329C1A494004202D2 /* Mobile AppUITests */,
				E26524C629C1A48E004202D2 /* Products */,
			);
			sourceTree = "<group>";
		};
		E26524C629C1A48E004202D2 /* Products */ = {
			isa = PBXGroup;
			children = (
				E26524C529C1A48E004202D2 /* Mobile App.app */,
				E26524D629C1A494004202D2 /* Mobile AppTests.xctest */,
				E26524E029C1A494004202D2 /* Mobile AppUITests.xctest */,
			);
			name = Products;
			sourceTree = "<group>";
		};
		E26524C729C1A48E004202D2 /* Mobile App */ = {
			isa = PBXGroup;
			children = (
				E26524F329C1A4C7004202D2 /* Network */,
				E26524F529C1A4E0004202D2 /* ViewModel */,
				E26524F429C1A4D2004202D2 /* Model */,
				E26524F629C1A4F0004202D2 /* View */,
				E26524C829C1A48E004202D2 /* Mobile_AppApp.swift */,
				E26524CC29C1A493004202D2 /* Assets.xcassets */,
				E26524CE29C1A493004202D2 /* Mobile_App.entitlements */,
				E26524CF29C1A493004202D2 /* Preview Content */,
			);
			path = "Mobile App";
			sourceTree = "<group>";
		};
		E26524CF29C1A493004202D2 /* Preview Content */ = {
			isa = PBXGroup;
			children = (
				E26524D029C1A493004202D2 /* Preview Assets.xcassets */,
			);
			path = "Preview Content";
			sourceTree = "<group>";
		};
		E26524D929C1A494004202D2 /* Mobile AppTests */ = {
			isa = PBXGroup;
			children = (
				E26524DA29C1A494004202D2 /* Mobile_AppTests.swift */,
			);
			path = "Mobile AppTests";
			sourceTree = "<group>";
		};
		E26524E329C1A494004202D2 /* Mobile AppUITests */ = {
			isa = PBXGroup;
			children = (
				E26524E429C1A494004202D2 /* Mobile_AppUITests.swift */,
				E26524E629C1A494004202D2 /* Mobile_AppUITestsLaunchTests.swift */,
			);
			path = "Mobile AppUITests";
			sourceTree = "<group>";
		};
		E26524F329C1A4C7004202D2 /* Network */ = {
			isa = PBXGroup;
			children = (
				E26524F729C1A52F004202D2 /* NetworkClient.swift */,
				E26524F929C1B18B004202D2 /* OmdbapiClient.swift */,
			);
			path = Network;
			sourceTree = "<group>";
		};
		E26524F429C1A4D2004202D2 /* Model */ = {
			isa = PBXGroup;
			children = (
				E26524FB29C1B914004202D2 /* Movie.swift */,
			);
			path = Model;
			sourceTree = "<group>";
		};
		E26524F529C1A4E0004202D2 /* ViewModel */ = {
			isa = PBXGroup;
			children = (
				E26524FD29C1C74D004202D2 /* ViewModel.swift */,
			);
			path = ViewModel;
			sourceTree = "<group>";
		};
		E26524F629C1A4F0004202D2 /* View */ = {
			isa = PBXGroup;
			children = (
				E2EC339729C2F41E00CAA3A3 /* ChildSizeReader.swift */,
				E2EC339529C2F0C700CAA3A3 /* SearchBar.swift */,
				E26524CA29C1A48E004202D2 /* ContentView.swift */,
				E2EC339329C2D51B00CAA3A3 /* MovieItem.swift */,
			);
			path = View;
			sourceTree = "<group>";
		};
/* End PBXGroup section */

/* Begin PBXNativeTarget section */
		E26524C429C1A48E004202D2 /* Mobile App */ = {
			isa = PBXNativeTarget;
			buildConfigurationList = E26524EA29C1A494004202D2 /* Build configuration list for PBXNativeTarget "Mobile App" */;
			buildPhases = (
				E26524C129C1A48E004202D2 /* Sources */,
				E26524C229C1A48E004202D2 /* Frameworks */,
				E26524C329C1A48E004202D2 /* Resources */,
			);
			buildRules = (
			);
			dependencies = (
			);
			name = "Mobile App";
			productName = "Mobile App";
			productReference = E26524C529C1A48E004202D2 /* Mobile App.app */;
			productType = "com.apple.product-type.application";
		};
		E26524D529C1A494004202D2 /* Mobile AppTests */ = {
			isa = PBXNativeTarget;
			buildConfigurationList = E26524ED29C1A494004202D2 /* Build configuration list for PBXNativeTarget "Mobile AppTests" */;
			buildPhases = (
				E26524D229C1A494004202D2 /* Sources */,
				E26524D329C1A494004202D2 /* Frameworks */,
				E26524D429C1A494004202D2 /* Resources */,
			);
			buildRules = (
			);
			dependencies = (
				E26524D829C1A494004202D2 /* PBXTargetDependency */,
			);
			name = "Mobile AppTests";
			productName = "Mobile AppTests";
			productReference = E26524D629C1A494004202D2 /* Mobile AppTests.xctest */;
			productType = "com.apple.product-type.bundle.unit-test";
		};
		E26524DF29C1A494004202D2 /* Mobile AppUITests */ = {
			isa = PBXNativeTarget;
			buildConfigurationList = E26524F029C1A494004202D2 /* Build configuration list for PBXNativeTarget "Mobile AppUITests" */;
			buildPhases = (
				E26524DC29C1A494004202D2 /* Sources */,
				E26524DD29C1A494004202D2 /* Frameworks */,
				E26524DE29C1A494004202D2 /* Resources */,
			);
			buildRules = (
			);
			dependencies = (
				E26524E229C1A494004202D2 /* PBXTargetDependency */,
			);
			name = "Mobile AppUITests";
			productName = "Mobile AppUITests";
			productReference = E26524E029C1A494004202D2 /* Mobile AppUITests.xctest */;
			productType = "com.apple.product-type.bundle.ui-testing";
		};
/* End PBXNativeTarget section */

/* Begin PBXProject section */
		E26524BD29C1A48E004202D2 /* Project object */ = {
			isa = PBXProject;
			attributes = {
				BuildIndependentTargetsInParallel = 1;
				LastSwiftUpdateCheck = 1400;
				LastUpgradeCheck = 1400;
				TargetAttributes = {
					E26524C429C1A48E004202D2 = {
						CreatedOnToolsVersion = 14.0;
					};
					E26524D529C1A494004202D2 = {
						CreatedOnToolsVersion = 14.0;
						TestTargetID = E26524C429C1A48E004202D2;
					};
					E26524DF29C1A494004202D2 = {
						CreatedOnToolsVersion = 14.0;
						TestTargetID = E26524C429C1A48E004202D2;
					};
				};
			};
			buildConfigurationList = E26524C029C1A48E004202D2 /* Build configuration list for PBXProject "Mobile App" */;
			compatibilityVersion = "Xcode 14.0";
			developmentRegion = en;
			hasScannedForEncodings = 0;
			knownRegions = (
				en,
				Base,
			);
			mainGroup = E26524BC29C1A48E004202D2;
			productRefGroup = E26524C629C1A48E004202D2 /* Products */;
			projectDirPath = "";
			projectRoot = "";
			targets = (
				E26524C429C1A48E004202D2 /* Mobile App */,
				E26524D529C1A494004202D2 /* Mobile AppTests */,
				E26524DF29C1A494004202D2 /* Mobile AppUITests */,
			);
		};
/* End PBXProject section */

/* Begin PBXResourcesBuildPhase section */
		E26524C329C1A48E004202D2 /* Resources */ = {
			isa = PBXResourcesBuildPhase;
			buildActionMask = 2147483647;
			files = (
				E26524D129C1A493004202D2 /* Preview Assets.xcassets in Resources */,
				E26524CD29C1A493004202D2 /* Assets.xcassets in Resources */,
			);
			runOnlyForDeploymentPostprocessing = 0;
		};
		E26524D429C1A494004202D2 /* Resources */ = {
			isa = PBXResourcesBuildPhase;
			buildActionMask = 2147483647;
			files = (
			);
			runOnlyForDeploymentPostprocessing = 0;
		};
		E26524DE29C1A494004202D2 /* Resources */ = {
			isa = PBXResourcesBuildPhase;
			buildActionMask = 2147483647;
			files = (
			);
			runOnlyForDeploymentPostprocessing = 0;
		};
/* End PBXResourcesBuildPhase section */

/* Begin PBXSourcesBuildPhase section */
		E26524C129C1A48E004202D2 /* Sources */ = {
			isa = PBXSourcesBuildPhase;
			buildActionMask = 2147483647;
			files = (
				E2EC339829C2F41E00CAA3A3 /* ChildSizeReader.swift in Sources */,
				E2EC339429C2D51B00CAA3A3 /* MovieItem.swift in Sources */,
				E26524CB29C1A48E004202D2 /* ContentView.swift in Sources */,
				E26524FA29C1B18B004202D2 /* OmdbapiClient.swift in Sources */,
				E26524C929C1A48E004202D2 /* Mobile_AppApp.swift in Sources */,
				E26524F829C1A52F004202D2 /* NetworkClient.swift in Sources */,
				E2EC339629C2F0C700CAA3A3 /* SearchBar.swift in Sources */,
				E26524FE29C1C74D004202D2 /* ViewModel.swift in Sources */,
				E26524FC29C1B914004202D2 /* Movie.swift in Sources */,
			);
			runOnlyForDeploymentPostprocessing = 0;
		};
		E26524D229C1A494004202D2 /* Sources */ = {
			isa = PBXSourcesBuildPhase;
			buildActionMask = 2147483647;
			files = (
				E26524DB29C1A494004202D2 /* Mobile_AppTests.swift in Sources */,
			);
			runOnlyForDeploymentPostprocessing = 0;
		};
		E26524DC29C1A494004202D2 /* Sources */ = {
			isa = PBXSourcesBuildPhase;
			buildActionMask = 2147483647;
			files = (
				E26524E729C1A494004202D2 /* Mobile_AppUITestsLaunchTests.swift in Sources */,
				E26524E529C1A494004202D2 /* Mobile_AppUITests.swift in Sources */,
			);
			runOnlyForDeploymentPostprocessing = 0;
		};
/* End PBXSourcesBuildPhase section */

/* Begin PBXTargetDependency section */
		E26524D829C1A494004202D2 /* PBXTargetDependency */ = {
			isa = PBXTargetDependency;
			target = E26524C429C1A48E004202D2 /* Mobile App */;
			targetProxy = E26524D729C1A494004202D2 /* PBXContainerItemProxy */;
		};
		E26524E229C1A494004202D2 /* PBXTargetDependency */ = {
			isa = PBXTargetDependency;
			target = E26524C429C1A48E004202D2 /* Mobile App */;
			targetProxy = E26524E129C1A494004202D2 /* PBXContainerItemProxy */;
		};
/* End PBXTargetDependency section */

/* Begin XCBuildConfiguration section */
		E26524E829C1A494004202D2 /* Debug */ = {
			isa = XCBuildConfiguration;
			buildSettings = {
				ALWAYS_SEARCH_USER_PATHS = NO;
				CLANG_ANALYZER_NONNULL = YES;
				CLANG_ANALYZER_NUMBER_OBJECT_CONVERSION = YES_AGGRESSIVE;
				CLANG_CXX_LANGUAGE_STANDARD = "gnu++20";
				CLANG_ENABLE_MODULES = YES;
				CLANG_ENABLE_OBJC_ARC = YES;
				CLANG_ENABLE_OBJC_WEAK = YES;
				CLANG_WARN_BLOCK_CAPTURE_AUTORELEASING = YES;
				CLANG_WARN_BOOL_CONVERSION = YES;
				CLANG_WARN_COMMA = YES;
				CLANG_WARN_CONSTANT_CONVERSION = YES;
				CLANG_WARN_DEPRECATED_OBJC_IMPLEMENTATIONS = YES;
				CLANG_WARN_DIRECT_OBJC_ISA_USAGE = YES_ERROR;
				CLANG_WARN_DOCUMENTATION_COMMENTS = YES;
				CLANG_WARN_EMPTY_BODY = YES;
				CLANG_WARN_ENUM_CONVERSION = YES;
				CLANG_WARN_INFINITE_RECURSION = YES;
				CLANG_WARN_INT_CONVERSION = YES;
				CLANG_WARN_NON_LITERAL_NULL_CONVERSION = YES;
				CLANG_WARN_OBJC_IMPLICIT_RETAIN_SELF = YES;
				CLANG_WARN_OBJC_LITERAL_CONVERSION = YES;
				CLANG_WARN_OBJC_ROOT_CLASS = YES_ERROR;
				CLANG_WARN_QUOTED_INCLUDE_IN_FRAMEWORK_HEADER = YES;
				CLANG_WARN_RANGE_LOOP_ANALYSIS = YES;
				CLANG_WARN_STRICT_PROTOTYPES = YES;
				CLANG_WARN_SUSPICIOUS_MOVE = YES;
				CLANG_WARN_UNGUARDED_AVAILABILITY = YES_AGGRESSIVE;
				CLANG_WARN_UNREACHABLE_CODE = YES;
				CLANG_WARN__DUPLICATE_METHOD_MATCH = YES;
				COPY_PHASE_STRIP = NO;
				DEBUG_INFORMATION_FORMAT = dwarf;
				ENABLE_STRICT_OBJC_MSGSEND = YES;
				ENABLE_TESTABILITY = YES;
				GCC_C_LANGUAGE_STANDARD = gnu11;
				GCC_DYNAMIC_NO_PIC = NO;
				GCC_NO_COMMON_BLOCKS = YES;
				GCC_OPTIMIZATION_LEVEL = 0;
				GCC_PREPROCESSOR_DEFINITIONS = (
					"DEBUG=1",
					"$(inherited)",
				);
				GCC_WARN_64_TO_32_BIT_CONVERSION = YES;
				GCC_WARN_ABOUT_RETURN_TYPE = YES_ERROR;
				GCC_WARN_UNDECLARED_SELECTOR = YES;
				GCC_WARN_UNINITIALIZED_AUTOS = YES_AGGRESSIVE;
				GCC_WARN_UNUSED_FUNCTION = YES;
				GCC_WARN_UNUSED_VARIABLE = YES;
				MTL_ENABLE_DEBUG_INFO = INCLUDE_SOURCE;
				MTL_FAST_MATH = YES;
				ONLY_ACTIVE_ARCH = YES;
				SWIFT_ACTIVE_COMPILATION_CONDITIONS = DEBUG;
				SWIFT_OPTIMIZATION_LEVEL = "-Onone";
			};
			name = Debug;
		};
		E26524E929C1A494004202D2 /* Release */ = {
			isa = XCBuildConfiguration;
			buildSettings = {
				ALWAYS_SEARCH_USER_PATHS = NO;
				CLANG_ANALYZER_NONNULL = YES;
				CLANG_ANALYZER_NUMBER_OBJECT_CONVERSION = YES_AGGRESSIVE;
				CLANG_CXX_LANGUAGE_STANDARD = "gnu++20";
				CLANG_ENABLE_MODULES = YES;
				CLANG_ENABLE_OBJC_ARC = YES;
				CLANG_ENABLE_OBJC_WEAK = YES;
				CLANG_WARN_BLOCK_CAPTURE_AUTORELEASING = YES;
				CLANG_WARN_BOOL_CONVERSION = YES;
				CLANG_WARN_COMMA = YES;
				CLANG_WARN_CONSTANT_CONVERSION = YES;
				CLANG_WARN_DEPRECATED_OBJC_IMPLEMENTATIONS = YES;
				CLANG_WARN_DIRECT_OBJC_ISA_USAGE = YES_ERROR;
				CLANG_WARN_DOCUMENTATION_COMMENTS = YES;
				CLANG_WARN_EMPTY_BODY = YES;
				CLANG_WARN_ENUM_CONVERSION = YES;
				CLANG_WARN_INFINITE_RECURSION = YES;
				CLANG_WARN_INT_CONVERSION = YES;
				CLANG_WARN_NON_LITERAL_NULL_CONVERSION = YES;
				CLANG_WARN_OBJC_IMPLICIT_RETAIN_SELF = YES;
				CLANG_WARN_OBJC_LITERAL_CONVERSION = YES;
				CLANG_WARN_OBJC_ROOT_CLASS = YES_ERROR;
				CLANG_WARN_QUOTED_INCLUDE_IN_FRAMEWORK_HEADER = YES;
				CLANG_WARN_RANGE_LOOP_ANALYSIS = YES;
				CLANG_WARN_STRICT_PROTOTYPES = YES;
				CLANG_WARN_SUSPICIOUS_MOVE = YES;
				CLANG_WARN_UNGUARDED_AVAILABILITY = YES_AGGRESSIVE;
				CLANG_WARN_UNREACHABLE_CODE = YES;
				CLANG_WARN__DUPLICATE_METHOD_MATCH = YES;
				COPY_PHASE_STRIP = NO;
				DEBUG_INFORMATION_FORMAT = "dwarf-with-dsym";
				ENABLE_NS_ASSERTIONS = NO;
				ENABLE_STRICT_OBJC_MSGSEND = YES;
				GCC_C_LANGUAGE_STANDARD = gnu11;
				GCC_NO_COMMON_BLOCKS = YES;
				GCC_WARN_64_TO_32_BIT_CONVERSION = YES;
				GCC_WARN_ABOUT_RETURN_TYPE = YES_ERROR;
				GCC_WARN_UNDECLARED_SELECTOR = YES;
				GCC_WARN_UNINITIALIZED_AUTOS = YES_AGGRESSIVE;
				GCC_WARN_UNUSED_FUNCTION = YES;
				GCC_WARN_UNUSED_VARIABLE = YES;
				MTL_ENABLE_DEBUG_INFO = NO;
				MTL_FAST_MATH = YES;
				SWIFT_COMPILATION_MODE = wholemodule;
				SWIFT_OPTIMIZATION_LEVEL = "-O";
			};
			name = Release;
		};
		E26524EB29C1A494004202D2 /* Debug */ = {
			isa = XCBuildConfiguration;
			buildSettings = {
				ASSETCATALOG_COMPILER_APPICON_NAME = AppIcon;
				ASSETCATALOG_COMPILER_GLOBAL_ACCENT_COLOR_NAME = AccentColor;
				CODE_SIGN_ENTITLEMENTS = "Mobile App/Mobile_App.entitlements";
				CODE_SIGN_STYLE = Automatic;
				CURRENT_PROJECT_VERSION = 1;
				DEVELOPMENT_ASSET_PATHS = "\"Mobile App/Preview Content\"";
				DEVELOPMENT_TEAM = 7A2969MHY5;
				ENABLE_HARDENED_RUNTIME = YES;
				ENABLE_PREVIEWS = YES;
				GENERATE_INFOPLIST_FILE = YES;
				"INFOPLIST_KEY_UIApplicationSceneManifest_Generation[sdk=iphoneos*]" = YES;
				"INFOPLIST_KEY_UIApplicationSceneManifest_Generation[sdk=iphonesimulator*]" = YES;
				"INFOPLIST_KEY_UIApplicationSupportsIndirectInputEvents[sdk=iphoneos*]" = YES;
				"INFOPLIST_KEY_UIApplicationSupportsIndirectInputEvents[sdk=iphonesimulator*]" = YES;
				"INFOPLIST_KEY_UILaunchScreen_Generation[sdk=iphoneos*]" = YES;
				"INFOPLIST_KEY_UILaunchScreen_Generation[sdk=iphonesimulator*]" = YES;
				"INFOPLIST_KEY_UIStatusBarStyle[sdk=iphoneos*]" = UIStatusBarStyleDefault;
				"INFOPLIST_KEY_UIStatusBarStyle[sdk=iphonesimulator*]" = UIStatusBarStyleDefault;
				INFOPLIST_KEY_UISupportedInterfaceOrientations_iPad = "UIInterfaceOrientationPortrait UIInterfaceOrientationPortraitUpsideDown UIInterfaceOrientationLandscapeLeft UIInterfaceOrientationLandscapeRight";
				INFOPLIST_KEY_UISupportedInterfaceOrientations_iPhone = "UIInterfaceOrientationPortrait UIInterfaceOrientationLandscapeLeft UIInterfaceOrientationLandscapeRight";
				IPHONEOS_DEPLOYMENT_TARGET = 16.0;
				LD_RUNPATH_SEARCH_PATHS = "@executable_path/Frameworks";
				"LD_RUNPATH_SEARCH_PATHS[sdk=macosx*]" = "@executable_path/../Frameworks";
				MACOSX_DEPLOYMENT_TARGET = 12.3;
				MARKETING_VERSION = 1.0;
				PRODUCT_BUNDLE_IDENTIFIER = "com.greensol.Mobile-App";
				PRODUCT_NAME = "$(TARGET_NAME)";
				SDKROOT = auto;
				SUPPORTED_PLATFORMS = "iphoneos iphonesimulator macosx";
				SWIFT_EMIT_LOC_STRINGS = YES;
				SWIFT_VERSION = 5.0;
				TARGETED_DEVICE_FAMILY = "1,2";
			};
			name = Debug;
		};
		E26524EC29C1A494004202D2 /* Release */ = {
			isa = XCBuildConfiguration;
			buildSettings = {
				ASSETCATALOG_COMPILER_APPICON_NAME = AppIcon;
				ASSETCATALOG_COMPILER_GLOBAL_ACCENT_COLOR_NAME = AccentColor;
				CODE_SIGN_ENTITLEMENTS = "Mobile App/Mobile_App.entitlements";
				CODE_SIGN_STYLE = Automatic;
				CURRENT_PROJECT_VERSION = 1;
				DEVELOPMENT_ASSET_PATHS = "\"Mobile App/Preview Content\"";
				DEVELOPMENT_TEAM = 7A2969MHY5;
				ENABLE_HARDENED_RUNTIME = YES;
				ENABLE_PREVIEWS = YES;
				GENERATE_INFOPLIST_FILE = YES;
				"INFOPLIST_KEY_UIApplicationSceneManifest_Generation[sdk=iphoneos*]" = YES;
				"INFOPLIST_KEY_UIApplicationSceneManifest_Generation[sdk=iphonesimulator*]" = YES;
				"INFOPLIST_KEY_UIApplicationSupportsIndirectInputEvents[sdk=iphoneos*]" = YES;
				"INFOPLIST_KEY_UIApplicationSupportsIndirectInputEvents[sdk=iphonesimulator*]" = YES;
				"INFOPLIST_KEY_UILaunchScreen_Generation[sdk=iphoneos*]" = YES;
				"INFOPLIST_KEY_UILaunchScreen_Generation[sdk=iphonesimulator*]" = YES;
				"INFOPLIST_KEY_UIStatusBarStyle[sdk=iphoneos*]" = UIStatusBarStyleDefault;
				"INFOPLIST_KEY_UIStatusBarStyle[sdk=iphonesimulator*]" = UIStatusBarStyleDefault;
				INFOPLIST_KEY_UISupportedInterfaceOrientations_iPad = "UIInterfaceOrientationPortrait UIInterfaceOrientationPortraitUpsideDown UIInterfaceOrientationLandscapeLeft UIInterfaceOrientationLandscapeRight";
				INFOPLIST_KEY_UISupportedInterfaceOrientations_iPhone = "UIInterfaceOrientationPortrait UIInterfaceOrientationLandscapeLeft UIInterfaceOrientationLandscapeRight";
				IPHONEOS_DEPLOYMENT_TARGET = 16.0;
				LD_RUNPATH_SEARCH_PATHS = "@executable_path/Frameworks";
				"LD_RUNPATH_SEARCH_PATHS[sdk=macosx*]" = "@executable_path/../Frameworks";
				MACOSX_DEPLOYMENT_TARGET = 12.3;
				MARKETING_VERSION = 1.0;
				PRODUCT_BUNDLE_IDENTIFIER = "com.greensol.Mobile-App";
				PRODUCT_NAME = "$(TARGET_NAME)";
				SDKROOT = auto;
				SUPPORTED_PLATFORMS = "iphoneos iphonesimulator macosx";
				SWIFT_EMIT_LOC_STRINGS = YES;
				SWIFT_VERSION = 5.0;
				TARGETED_DEVICE_FAMILY = "1,2";
			};
			name = Release;
		};
		E26524EE29C1A494004202D2 /* Debug */ = {
			isa = XCBuildConfiguration;
			buildSettings = {
				ALWAYS_EMBED_SWIFT_STANDARD_LIBRARIES = YES;
				BUNDLE_LOADER = "$(TEST_HOST)";
				CODE_SIGN_STYLE = Automatic;
				CURRENT_PROJECT_VERSION = 1;
				DEVELOPMENT_TEAM = 7A2969MHY5;
				GENERATE_INFOPLIST_FILE = YES;
				IPHONEOS_DEPLOYMENT_TARGET = 16.0;
				MACOSX_DEPLOYMENT_TARGET = 12.3;
				MARKETING_VERSION = 1.0;
				PRODUCT_BUNDLE_IDENTIFIER = "com.greensol.Mobile-AppTests";
				PRODUCT_NAME = "$(TARGET_NAME)";
				SDKROOT = auto;
				SUPPORTED_PLATFORMS = "iphoneos iphonesimulator macosx";
				SWIFT_EMIT_LOC_STRINGS = NO;
				SWIFT_VERSION = 5.0;
				TARGETED_DEVICE_FAMILY = "1,2";
				TEST_HOST = "$(BUILT_PRODUCTS_DIR)/Mobile App.app/$(BUNDLE_EXECUTABLE_FOLDER_PATH)/Mobile App";
			};
			name = Debug;
		};
		E26524EF29C1A494004202D2 /* Release */ = {
			isa = XCBuildConfiguration;
			buildSettings = {
				ALWAYS_EMBED_SWIFT_STANDARD_LIBRARIES = YES;
				BUNDLE_LOADER = "$(TEST_HOST)";
				CODE_SIGN_STYLE = Automatic;
				CURRENT_PROJECT_VERSION = 1;
				DEVELOPMENT_TEAM = 7A2969MHY5;
				GENERATE_INFOPLIST_FILE = YES;
				IPHONEOS_DEPLOYMENT_TARGET = 16.0;
				MACOSX_DEPLOYMENT_TARGET = 12.3;
				MARKETING_VERSION = 1.0;
				PRODUCT_BUNDLE_IDENTIFIER = "com.greensol.Mobile-AppTests";
				PRODUCT_NAME = "$(TARGET_NAME)";
				SDKROOT = auto;
				SUPPORTED_PLATFORMS = "iphoneos iphonesimulator macosx";
				SWIFT_EMIT_LOC_STRINGS = NO;
				SWIFT_VERSION = 5.0;
				TARGETED_DEVICE_FAMILY = "1,2";
				TEST_HOST = "$(BUILT_PRODUCTS_DIR)/Mobile App.app/$(BUNDLE_EXECUTABLE_FOLDER_PATH)/Mobile App";
			};
			name = Release;
		};
		E26524F129C1A494004202D2 /* Debug */ = {
			isa = XCBuildConfiguration;
			buildSettings = {
				ALWAYS_EMBED_SWIFT_STANDARD_LIBRARIES = YES;
				CODE_SIGN_STYLE = Automatic;
				CURRENT_PROJECT_VERSION = 1;
				DEVELOPMENT_TEAM = 7A2969MHY5;
				GENERATE_INFOPLIST_FILE = YES;
				IPHONEOS_DEPLOYMENT_TARGET = 16.0;
				MACOSX_DEPLOYMENT_TARGET = 12.3;
				MARKETING_VERSION = 1.0;
				PRODUCT_BUNDLE_IDENTIFIER = "com.greensol.Mobile-AppUITests";
				PRODUCT_NAME = "$(TARGET_NAME)";
				SDKROOT = auto;
				SUPPORTED_PLATFORMS = "iphoneos iphonesimulator macosx";
				SWIFT_EMIT_LOC_STRINGS = NO;
				SWIFT_VERSION = 5.0;
				TARGETED_DEVICE_FAMILY = "1,2";
				TEST_TARGET_NAME = "Mobile App";
			};
			name = Debug;
		};
		E26524F229C1A494004202D2 /* Release */ = {
			isa = XCBuildConfiguration;
			buildSettings = {
				ALWAYS_EMBED_SWIFT_STANDARD_LIBRARIES = YES;
				CODE_SIGN_STYLE = Automatic;
				CURRENT_PROJECT_VERSION = 1;
				DEVELOPMENT_TEAM = 7A2969MHY5;
				GENERATE_INFOPLIST_FILE = YES;
				IPHONEOS_DEPLOYMENT_TARGET = 16.0;
				MACOSX_DEPLOYMENT_TARGET = 12.3;
				MARKETING_VERSION = 1.0;
				PRODUCT_BUNDLE_IDENTIFIER = "com.greensol.Mobile-AppUITests";
				PRODUCT_NAME = "$(TARGET_NAME)";
				SDKROOT = auto;
				SUPPORTED_PLATFORMS = "iphoneos iphonesimulator macosx";
				SWIFT_EMIT_LOC_STRINGS = NO;
				SWIFT_VERSION = 5.0;
				TARGETED_DEVICE_FAMILY = "1,2";
				TEST_TARGET_NAME = "Mobile App";
			};
			name = Release;
		};
/* End XCBuildConfiguration section */

/* Begin XCConfigurationList section */
		E26524C029C1A48E004202D2 /* Build configuration list for PBXProject "Mobile App" */ = {
			isa = XCConfigurationList;
			buildConfigurations = (
				E26524E829C1A494004202D2 /* Debug */,
				E26524E929C1A494004202D2 /* Release */,
			);
			defaultConfigurationIsVisible = 0;
			defaultConfigurationName = Release;
		};
		E26524EA29C1A494004202D2 /* Build configuration list for PBXNativeTarget "Mobile App" */ = {
			isa = XCConfigurationList;
			buildConfigurations = (
				E26524EB29C1A494004202D2 /* Debug */,
				E26524EC29C1A494004202D2 /* Release */,
			);
			defaultConfigurationIsVisible = 0;
			defaultConfigurationName = Release;
		};
		E26524ED29C1A494004202D2 /* Build configuration list for PBXNativeTarget "Mobile AppTests" */ = {
			isa = XCConfigurationList;
			buildConfigurations = (
				E26524EE29C1A494004202D2 /* Debug */,
				E26524EF29C1A494004202D2 /* Release */,
			);
			defaultConfigurationIsVisible = 0;
			defaultConfigurationName = Release;
		};
		E26524F029C1A494004202D2 /* Build configuration list for PBXNativeTarget "Mobile AppUITests" */ = {
			isa = XCConfigurationList;
			buildConfigurations = (
				E26524F129C1A494004202D2 /* Debug */,
				E26524F229C1A494004202D2 /* Release */,
			);
			defaultConfigurationIsVisible = 0;
			defaultConfigurationName = Release;
		};
/* End XCConfigurationList section */
	};
	rootObject = E26524BD29C1A48E004202D2 /* Project object */;
}
